
Microsoft Visual Studio Solution File, Format Version 12.00
# Visual Studio Version 16
VisualStudioVersion = 16.0.30413.136
MinimumVisualStudioVersion = 10.0.40219.1
Project("{FAE04EC0-301F-11D3-BF4B-00C04F79EFBC}") = "Server_HafizhPratama_2017096", "Server_HafizhPratama_2017096\Server_HafizhPratama_2017096.csproj", "{4958C0CE-FE16-4D90-85A7-155E68DA3DB4}"
EndProject
Project("{FAE04EC0-301F-11D3-BF4B-00C04F79EFBC}") = "Client_HafizhPratama_2017096", "Client_HafizhPratama_2017096\Client_HafizhPratama_2017096.csproj", "{ED93ABD1-9084-4AEE-B1DC-BE4BE4700C01}"
EndProject
Global
	GlobalSection(SolutionConfigurationPlatforms) = preSolution
		Debug|Any CPU = Debug|Any CPU
		Release|Any CPU = Release|Any CPU
	EndGlobalSection
	GlobalSection(ProjectConfigurationPlatforms) = postSolution
		{4958C0CE-FE16-4D90-85A7-155E68DA3DB4}.Debug|Any CPU.ActiveCfg = Debug|Any CPU
		{4958C0CE-FE16-4D90-85A7-155E68DA3DB4}.Debug|Any CPU.Build.0 = Debug|Any CPU
		{4958C0CE-FE16-4D90-85A7-155E68DA3DB4}.Release|Any CPU.ActiveCfg = Release|Any CPU
		{4958C0CE-FE16-4D90-85A7-155E68DA3DB4}.Release|Any CPU.Build.0 = Release|Any CPU
		{ED93ABD1-9084-4AEE-B1DC-BE4BE4700C01}.Debug|Any CPU.ActiveCfg = Debug|Any CPU
		{ED93ABD1-9084-4AEE-B1DC-BE4BE4700C01}.Debug|Any CPU.Build.0 = Debug|Any CPU
		{ED93ABD1-9084-4AEE-B1DC-BE4BE4700C01}.Release|Any CPU.ActiveCfg = Release|Any CPU
		{ED93ABD1-9084-4AEE-B1DC-BE4BE4700C01}.Release|Any CPU.Build.0 = Release|Any CPU
	EndGlobalSection
	GlobalSection(SolutionProperties) = preSolution
		HideSolutionNode = FALSE
	EndGlobalSection
	GlobalSection(ExtensibilityGlobals) = postSolution
		SolutionGuid = {F878E593-541B-4074-9E85-53D092A43CC8}
	EndGlobalSection
EndGlobal
